
Microsoft Visual Studio Solution File, Format Version 12.00
# Visual Studio Version 17
VisualStudioVersion = 17.13.35825.156 d17.13
MinimumVisualStudioVersion = 10.0.40219.1
Project("{8BC9CEB8-8B4A-11D0-8D11-00A0C91BC942}") = "RPS-Code-Challenge", "RPS-Code-Challenge.vcxproj", "{CBE8DA37-CB31-4F5E-80A1-C031285B166F}"
EndProject
Global
	GlobalSection(SolutionConfigurationPlatforms) = preSolution
		Debug|x64 = Debug|x64
		Debug|x86 = Debug|x86
		Release|x64 = Release|x64
		Release|x86 = Release|x86
	EndGlobalSection
	GlobalSection(ProjectConfigurationPlatforms) = postSolution
		{CBE8DA37-CB31-4F5E-80A1-C031285B166F}.Debug|x64.ActiveCfg = Debug|x64
		{CBE8DA37-CB31-4F5E-80A1-C031285B166F}.Debug|x64.Build.0 = Debug|x64
		{CBE8DA37-CB31-4F5E-80A1-C031285B166F}.Debug|x86.ActiveCfg = Debug|Win32
		{CBE8DA37-CB31-4F5E-80A1-C031285B166F}.Debug|x86.Build.0 = Debug|Win32
		{CBE8DA37-CB31-4F5E-80A1-C031285B166F}.Release|x64.ActiveCfg = Release|x64
		{CBE8DA37-CB31-4F5E-80A1-C031285B166F}.Release|x64.Build.0 = Release|x64
		{CBE8DA37-CB31-4F5E-80A1-C031285B166F}.Release|x86.ActiveCfg = Release|Win32
		{CBE8DA37-CB31-4F5E-80A1-C031285B166F}.Release|x86.Build.0 = Release|Win32
	EndGlobalSection
	GlobalSection(SolutionProperties) = preSolution
		HideSolutionNode = FALSE
	EndGlobalSection
	GlobalSection(ExtensibilityGlobals) = postSolution
		SolutionGuid = {9A737E3E-BDDB-4946-AD05-C5E54A2D4CC4}
	EndGlobalSection
EndGlobal
